
Microsoft Visual Studio Solution File, Format Version 12.00
# Visual Studio Version 16
VisualStudioVersion = 16.0.29609.76
MinimumVisualStudioVersion = 10.0.40219.1
Project("{8BC9CEB8-8B4A-11D0-8D11-00A0C91BC942}") = "CaesarCipher", "CaesarCipher\CaesarCipher.vcxproj", "{5DE05E56-6289-4D4D-99A3-0290AEBC0A00}"
EndProject
Global
	GlobalSection(SolutionConfigurationPlatforms) = preSolution
		Debug|x64 = Debug|x64
		Debug|x86 = Debug|x86
		Release|x64 = Release|x64
		Release|x86 = Release|x86
	EndGlobalSection
	GlobalSection(ProjectConfigurationPlatforms) = postSolution
		{5DE05E56-6289-4D4D-99A3-0290AEBC0A00}.Debug|x64.ActiveCfg = Debug|x64
		{5DE05E56-6289-4D4D-99A3-0290AEBC0A00}.Debug|x64.Build.0 = Debug|x64
		{5DE05E56-6289-4D4D-99A3-0290AEBC0A00}.Debug|x86.ActiveCfg = Debug|Win32
		{5DE05E56-6289-4D4D-99A3-0290AEBC0A00}.Debug|x86.Build.0 = Debug|Win32
		{5DE05E56-6289-4D4D-99A3-0290AEBC0A00}.Release|x64.ActiveCfg = Release|x64
		{5DE05E56-6289-4D4D-99A3-0290AEBC0A00}.Release|x64.Build.0 = Release|x64
		{5DE05E56-6289-4D4D-99A3-0290AEBC0A00}.Release|x86.ActiveCfg = Release|Win32
		{5DE05E56-6289-4D4D-99A3-0290AEBC0A00}.Release|x86.Build.0 = Release|Win32
	EndGlobalSection
	GlobalSection(SolutionProperties) = preSolution
		HideSolutionNode = FALSE
	EndGlobalSection
	GlobalSection(ExtensibilityGlobals) = postSolution
		SolutionGuid = {6FF52FBB-5A23-4259-AAA6-9363546EE036}
	EndGlobalSection
EndGlobal
